
Microsoft Visual Studio Solution File, Format Version 12.00
# Visual Studio Version 17
VisualStudioVersion = 17.7.34031.279
MinimumVisualStudioVersion = 10.0.40219.1
Project("{9A19103F-16F7-4668-BE54-9A1E7A4F7556}") = "BagOfTricks", "BagOfTricks.csproj", "{7A7990FB-9920-4A24-80EF-89373DC7899B}"
EndProject
Global
	GlobalSection(SolutionConfigurationPlatforms) = preSolution
		Debug|Any CPU = Debug|Any CPU
		Release|Any CPU = Release|Any CPU
	EndGlobalSection
	GlobalSection(ProjectConfigurationPlatforms) = postSolution
		{7A7990FB-9920-4A24-80EF-89373DC7899B}.Debug|Any CPU.ActiveCfg = Debug|Any CPU
		{7A7990FB-9920-4A24-80EF-89373DC7899B}.Debug|Any CPU.Build.0 = Debug|Any CPU
		{7A7990FB-9920-4A24-80EF-89373DC7899B}.Release|Any CPU.ActiveCfg = Release|Any CPU
		{7A7990FB-9920-4A24-80EF-89373DC7899B}.Release|Any CPU.Build.0 = Release|Any CPU
	EndGlobalSection
	GlobalSection(SolutionProperties) = preSolution
		HideSolutionNode = FALSE
	EndGlobalSection
	GlobalSection(ExtensibilityGlobals) = postSolution
		SolutionGuid = {481AC443-49DF-4753-B1C5-E347EA98EDCC}
	EndGlobalSection
EndGlobal
